
Microsoft Visual Studio Solution File, Format Version 12.00
# Visual Studio Version 17
VisualStudioVersion = 17.0.31919.166
MinimumVisualStudioVersion = 10.0.40219.1
Project("{2150E333-8FDC-42A3-9474-1A3956D46DE8}") = "1. Enterprise Business Rules", "1. Enterprise Business Rules", "{B46E4AD5-1458-4FE8-8F48-B15CFE1ECC72}"
EndProject
Project("{2150E333-8FDC-42A3-9474-1A3956D46DE8}") = "2. Application Business Rules", "2. Application Business Rules", "{F28366F3-174D-481F-B2FA-B74E09F021B5}"
EndProject
Project("{2150E333-8FDC-42A3-9474-1A3956D46DE8}") = "3. Interface Adapters", "3. Interface Adapters", "{E2102205-9770-4315-AAEC-FF4BFBD67AF0}"
EndProject
Project("{2150E333-8FDC-42A3-9474-1A3956D46DE8}") = "4. Frameworks And Drivers", "4. Frameworks And Drivers", "{59B7F295-BA7F-4357-8E36-450CAD0C4C47}"
EndProject
Project("{9A19103F-16F7-4668-BE54-9A1E7A4F7556}") = "Entities", "Entities\Entities.csproj", "{41A5CD2A-2A8E-4C7C-983F-8F57EFF5F25E}"
EndProject
Project("{9A19103F-16F7-4668-BE54-9A1E7A4F7556}") = "UseCases", "UseCases\UseCases.csproj", "{13AF9FDE-59DF-470A-8615-760DDEA3D44F}"
EndProject
Project("{9A19103F-16F7-4668-BE54-9A1E7A4F7556}") = "UseCasesDTOs", "UseCasesDTOs\UseCasesDTOs.csproj", "{EBC0DC0F-BD86-44D1-A5BB-E563C5F7D785}"
EndProject
Project("{9A19103F-16F7-4668-BE54-9A1E7A4F7556}") = "UseCasesPorts", "UseCasesPorts\UseCasesPorts.csproj", "{15F71F6E-B439-419C-BDD9-A894417B3CD8}"
EndProject
Project("{2150E333-8FDC-42A3-9474-1A3956D46DE8}") = "Gateways", "Gateways", "{C0EACF97-B70B-4859-AC65-27AC374DA679}"
EndProject
Project("{FAE04EC0-301F-11D3-BF4B-00C04F79EFBC}") = "IoC", "IoC\IoC.csproj", "{10EE84E6-1B97-46AC-8E0E-ACD65D6011B5}"
EndProject
Project("{2150E333-8FDC-42A3-9474-1A3956D46DE8}") = "Presenters", "Presenters", "{F3B28938-F5E6-4E92-8F92-133028137681}"
EndProject
Project("{FAE04EC0-301F-11D3-BF4B-00C04F79EFBC}") = "Presenters", "Presenters\Presenters.csproj", "{15C8173C-E19E-4103-93AA-3FCA97C1A5EA}"
EndProject
Project("{FAE04EC0-301F-11D3-BF4B-00C04F79EFBC}") = "WebExceptionPresenter", "WebExceptionPresenter\WebExceptionPresenter.csproj", "{2E3D7B98-ADE6-4D90-BA22-37A9BDB253E9}"
EndProject
Project("{FAE04EC0-301F-11D3-BF4B-00C04F79EFBC}") = "WebApi", "WebApi\WebApi.csproj", "{D2873804-05C7-4CEA-861C-A4DF10E0490C}"
EndProject
Project("{FAE04EC0-301F-11D3-BF4B-00C04F79EFBC}") = "DatabaseConnection", "DatabaseConnection\DatabaseConnection.csproj", "{0C32D06D-214B-45E9-8BDC-F5BC956467AE}"
EndProject
Project("{2150E333-8FDC-42A3-9474-1A3956D46DE8}") = "Scripts", "Scripts", "{CA3A665E-7AD5-4611-A8E7-6C86800B4EA9}"
	ProjectSection(SolutionItems) = preProject
		..\CreacionTablas.sql = ..\CreacionTablas.sql
		..\USP_CREATE_PRODUCTO.sql = ..\USP_CREATE_PRODUCTO.sql
		..\USP_DELETE_PRODUCTO.sql = ..\USP_DELETE_PRODUCTO.sql
		..\USP_GET_PRODUCTOS.sql = ..\USP_GET_PRODUCTOS.sql
		..\USP_UPDATE_PRODUCTO.sql = ..\USP_UPDATE_PRODUCTO.sql
	EndProjectSection
EndProject
Global
	GlobalSection(SolutionConfigurationPlatforms) = preSolution
		Debug|Any CPU = Debug|Any CPU
		Release|Any CPU = Release|Any CPU
	EndGlobalSection
	GlobalSection(ProjectConfigurationPlatforms) = postSolution
		{41A5CD2A-2A8E-4C7C-983F-8F57EFF5F25E}.Debug|Any CPU.ActiveCfg = Debug|Any CPU
		{41A5CD2A-2A8E-4C7C-983F-8F57EFF5F25E}.Debug|Any CPU.Build.0 = Debug|Any CPU
		{41A5CD2A-2A8E-4C7C-983F-8F57EFF5F25E}.Release|Any CPU.ActiveCfg = Release|Any CPU
		{41A5CD2A-2A8E-4C7C-983F-8F57EFF5F25E}.Release|Any CPU.Build.0 = Release|Any CPU
		{13AF9FDE-59DF-470A-8615-760DDEA3D44F}.Debug|Any CPU.ActiveCfg = Debug|Any CPU
		{13AF9FDE-59DF-470A-8615-760DDEA3D44F}.Debug|Any CPU.Build.0 = Debug|Any CPU
		{13AF9FDE-59DF-470A-8615-760DDEA3D44F}.Release|Any CPU.ActiveCfg = Release|Any CPU
		{13AF9FDE-59DF-470A-8615-760DDEA3D44F}.Release|Any CPU.Build.0 = Release|Any CPU
		{EBC0DC0F-BD86-44D1-A5BB-E563C5F7D785}.Debug|Any CPU.ActiveCfg = Debug|Any CPU
		{EBC0DC0F-BD86-44D1-A5BB-E563C5F7D785}.Debug|Any CPU.Build.0 = Debug|Any CPU
		{EBC0DC0F-BD86-44D1-A5BB-E563C5F7D785}.Release|Any CPU.ActiveCfg = Release|Any CPU
		{EBC0DC0F-BD86-44D1-A5BB-E563C5F7D785}.Release|Any CPU.Build.0 = Release|Any CPU
		{15F71F6E-B439-419C-BDD9-A894417B3CD8}.Debug|Any CPU.ActiveCfg = Debug|Any CPU
		{15F71F6E-B439-419C-BDD9-A894417B3CD8}.Debug|Any CPU.Build.0 = Debug|Any CPU
		{15F71F6E-B439-419C-BDD9-A894417B3CD8}.Release|Any CPU.ActiveCfg = Release|Any CPU
		{15F71F6E-B439-419C-BDD9-A894417B3CD8}.Release|Any CPU.Build.0 = Release|Any CPU
		{10EE84E6-1B97-46AC-8E0E-ACD65D6011B5}.Debug|Any CPU.ActiveCfg = Debug|Any CPU
		{10EE84E6-1B97-46AC-8E0E-ACD65D6011B5}.Debug|Any CPU.Build.0 = Debug|Any CPU
		{10EE84E6-1B97-46AC-8E0E-ACD65D6011B5}.Release|Any CPU.ActiveCfg = Release|Any CPU
		{10EE84E6-1B97-46AC-8E0E-ACD65D6011B5}.Release|Any CPU.Build.0 = Release|Any CPU
		{15C8173C-E19E-4103-93AA-3FCA97C1A5EA}.Debug|Any CPU.ActiveCfg = Debug|Any CPU
		{15C8173C-E19E-4103-93AA-3FCA97C1A5EA}.Debug|Any CPU.Build.0 = Debug|Any CPU
		{15C8173C-E19E-4103-93AA-3FCA97C1A5EA}.Release|Any CPU.ActiveCfg = Release|Any CPU
		{15C8173C-E19E-4103-93AA-3FCA97C1A5EA}.Release|Any CPU.Build.0 = Release|Any CPU
		{2E3D7B98-ADE6-4D90-BA22-37A9BDB253E9}.Debug|Any CPU.ActiveCfg = Debug|Any CPU
		{2E3D7B98-ADE6-4D90-BA22-37A9BDB253E9}.Debug|Any CPU.Build.0 = Debug|Any CPU
		{2E3D7B98-ADE6-4D90-BA22-37A9BDB253E9}.Release|Any CPU.ActiveCfg = Release|Any CPU
		{2E3D7B98-ADE6-4D90-BA22-37A9BDB253E9}.Release|Any CPU.Build.0 = Release|Any CPU
		{D2873804-05C7-4CEA-861C-A4DF10E0490C}.Debug|Any CPU.ActiveCfg = Debug|Any CPU
		{D2873804-05C7-4CEA-861C-A4DF10E0490C}.Debug|Any CPU.Build.0 = Debug|Any CPU
		{D2873804-05C7-4CEA-861C-A4DF10E0490C}.Release|Any CPU.ActiveCfg = Release|Any CPU
		{D2873804-05C7-4CEA-861C-A4DF10E0490C}.Release|Any CPU.Build.0 = Release|Any CPU
		{0C32D06D-214B-45E9-8BDC-F5BC956467AE}.Debug|Any CPU.ActiveCfg = Debug|Any CPU
		{0C32D06D-214B-45E9-8BDC-F5BC956467AE}.Debug|Any CPU.Build.0 = Debug|Any CPU
		{0C32D06D-214B-45E9-8BDC-F5BC956467AE}.Release|Any CPU.ActiveCfg = Release|Any CPU
		{0C32D06D-214B-45E9-8BDC-F5BC956467AE}.Release|Any CPU.Build.0 = Release|Any CPU
	EndGlobalSection
	GlobalSection(SolutionProperties) = preSolution
		HideSolutionNode = FALSE
	EndGlobalSection
	GlobalSection(NestedProjects) = preSolution
		{41A5CD2A-2A8E-4C7C-983F-8F57EFF5F25E} = {B46E4AD5-1458-4FE8-8F48-B15CFE1ECC72}
		{13AF9FDE-59DF-470A-8615-760DDEA3D44F} = {F28366F3-174D-481F-B2FA-B74E09F021B5}
		{EBC0DC0F-BD86-44D1-A5BB-E563C5F7D785} = {F28366F3-174D-481F-B2FA-B74E09F021B5}
		{15F71F6E-B439-419C-BDD9-A894417B3CD8} = {F28366F3-174D-481F-B2FA-B74E09F021B5}
		{C0EACF97-B70B-4859-AC65-27AC374DA679} = {E2102205-9770-4315-AAEC-FF4BFBD67AF0}
		{10EE84E6-1B97-46AC-8E0E-ACD65D6011B5} = {C0EACF97-B70B-4859-AC65-27AC374DA679}
		{F3B28938-F5E6-4E92-8F92-133028137681} = {E2102205-9770-4315-AAEC-FF4BFBD67AF0}
		{15C8173C-E19E-4103-93AA-3FCA97C1A5EA} = {F3B28938-F5E6-4E92-8F92-133028137681}
		{2E3D7B98-ADE6-4D90-BA22-37A9BDB253E9} = {F3B28938-F5E6-4E92-8F92-133028137681}
		{D2873804-05C7-4CEA-861C-A4DF10E0490C} = {59B7F295-BA7F-4357-8E36-450CAD0C4C47}
		{0C32D06D-214B-45E9-8BDC-F5BC956467AE} = {C0EACF97-B70B-4859-AC65-27AC374DA679}
	EndGlobalSection
	GlobalSection(ExtensibilityGlobals) = postSolution
		SolutionGuid = {232D071D-9AA8-4C53-B33E-719528B205A9}
	EndGlobalSection
EndGlobal
